{
    "_meta": {
        "hash": {
            "sha256": "be69c1c1bd03b51394bae99be7323c7c1d9b4ee28b2e1a1e97c807578b09b845"
        },
        "pipfile-spec": 6,
        "requires": {
            "python_version": "3.7"
        },
        "sources": [
            {
                "name": "pypi",
                "url": "https://pypi.org/simple",
                "verify_ssl": true
            }
        ]
    },
    "default": {
        "peewee": {
            "hashes": [
                "sha256:e31771a5a18576336eaf7883d1b4bfd9478d0af02ff5a8f932ec1c5ef56ca7e5"
            ],
            "index": "pypi",
            "version": "==3.2.2"
        }
    },
    "develop": {}
}
